
Microsoft Visual Studio Solution File, Format Version 12.00
# Visual Studio Version 17
VisualStudioVersion = 17.6.33801.468
MinimumVisualStudioVersion = 10.0.40219.1
Project("{FAE04EC0-301F-11D3-BF4B-00C04F79EFBC}") = "logInApp", "logInApp\logInApp.csproj", "{BF2E6686-9B39-4252-B9A8-E37A6E47EE94}"
EndProject
Global
	GlobalSection(SolutionConfigurationPlatforms) = preSolution
		Debug|Any CPU = Debug|Any CPU
		Release|Any CPU = Release|Any CPU
	EndGlobalSection
	GlobalSection(ProjectConfigurationPlatforms) = postSolution
		{BF2E6686-9B39-4252-B9A8-E37A6E47EE94}.Debug|Any CPU.ActiveCfg = Debug|Any CPU
		{BF2E6686-9B39-4252-B9A8-E37A6E47EE94}.Debug|Any CPU.Build.0 = Debug|Any CPU
		{BF2E6686-9B39-4252-B9A8-E37A6E47EE94}.Release|Any CPU.ActiveCfg = Release|Any CPU
		{BF2E6686-9B39-4252-B9A8-E37A6E47EE94}.Release|Any CPU.Build.0 = Release|Any CPU
	EndGlobalSection
	GlobalSection(SolutionProperties) = preSolution
		HideSolutionNode = FALSE
	EndGlobalSection
	GlobalSection(ExtensibilityGlobals) = postSolution
		SolutionGuid = {B6DFA4F1-8F4F-43ED-8400-797234B0981B}
	EndGlobalSection
EndGlobal
